
Microsoft Visual Studio Solution File, Format Version 12.00
# Visual Studio 15
VisualStudioVersion = 15.0.26430.16
MinimumVisualStudioVersion = 10.0.40219.1
Project("{FAE04EC0-301F-11D3-BF4B-00C04F79EFBC}") = "20170811_HttpClientTest", "20170811_HttpClientTest\20170811_HttpClientTest.csproj", "{A201BC83-C184-409D-A0D4-50FF547475DC}"
EndProject
Global
	GlobalSection(SolutionConfigurationPlatforms) = preSolution
		Debug|Any CPU = Debug|Any CPU
		Release|Any CPU = Release|Any CPU
	EndGlobalSection
	GlobalSection(ProjectConfigurationPlatforms) = postSolution
		{A201BC83-C184-409D-A0D4-50FF547475DC}.Debug|Any CPU.ActiveCfg = Debug|Any CPU
		{A201BC83-C184-409D-A0D4-50FF547475DC}.Debug|Any CPU.Build.0 = Debug|Any CPU
		{A201BC83-C184-409D-A0D4-50FF547475DC}.Release|Any CPU.ActiveCfg = Release|Any CPU
		{A201BC83-C184-409D-A0D4-50FF547475DC}.Release|Any CPU.Build.0 = Release|Any CPU
	EndGlobalSection
	GlobalSection(SolutionProperties) = preSolution
		HideSolutionNode = FALSE
	EndGlobalSection
EndGlobal
